// !$*UTF8*$!
{
	archiveVersion = 1;
	classes = {
	};
	objectVersion = 46;
	objects = {

/* Begin PBXFileReference section */
		1B0F5B0813813E9A0052DF39 /* CNC.h */ = {isa = PBXFileReference; fileEncoding = 4; lastKnownFileType = sourcecode.c.h; path = CNC.h; sourceTree = "<group>"; };
		1B0F5B0913813E9A0052DF39 /* CNC.c */ = {isa = PBXFileReference; fileEncoding = 4; lastKnownFileType = sourcecode.c.c; path = CNC.c; sourceTree = "<group>"; };
		1B33710D11B2908100AA981B /* TWI_Slave.c */ = {isa = PBXFileReference; fileEncoding = 4; lastKnownFileType = sourcecode.c.c; path = TWI_Slave.c; sourceTree = "<group>"; };
		1B33711E11B2910400AA981B /* adc.c */ = {isa = PBXFileReference; fileEncoding = 4; lastKnownFileType = sourcecode.c.c; path = adc.c; sourceTree = "<group>"; };
		1B33711F11B2910400AA981B /* adc.h */ = {isa = PBXFileReference; fileEncoding = 4; lastKnownFileType = sourcecode.c.h; path = adc.h; sourceTree = "<group>"; };
		1B33712011B2910400AA981B /* lcd.c */ = {isa = PBXFileReference; fileEncoding = 4; lastKnownFileType = sourcecode.c.c; path = lcd.c; sourceTree = "<group>"; };
		1B33712111B2910400AA981B /* lcd.h */ = {isa = PBXFileReference; fileEncoding = 4; lastKnownFileType = sourcecode.c.h; path = lcd.h; sourceTree = "<group>"; };
		1B8615F5139A1A18005E8D37 /* datum.c */ = {isa = PBXFileReference; fileEncoding = 4; lastKnownFileType = sourcecode.c.c; path = datum.c; sourceTree = "<group>"; };
		1B8615F6139A1A18005E8D37 /* Logfile.txt */ = {isa = PBXFileReference; fileEncoding = 4; lastKnownFileType = text; path = Logfile.txt; sourceTree = "<group>"; };
		1B8615F7139A1A18005E8D37 /* version.c */ = {isa = PBXFileReference; fileEncoding = 4; lastKnownFileType = sourcecode.c.c; path = version.c; sourceTree = "<group>"; };
		BDD0C8CD13E2B73F0085EAFC /* usb_rawhid.c */ = {isa = PBXFileReference; fileEncoding = 4; lastKnownFileType = sourcecode.c.c; path = usb_rawhid.c; sourceTree = "<group>"; };
		BDD0C8CE13E2B73F0085EAFC /* usb_rawhid.h */ = {isa = PBXFileReference; fileEncoding = 4; lastKnownFileType = sourcecode.c.h; path = usb_rawhid.h; sourceTree = "<group>"; };
		BDD0C8D013E2EF140085EAFC /* Makefile */ = {isa = PBXFileReference; fileEncoding = 4; lastKnownFileType = sourcecode.make; path = Makefile; sourceTree = "<group>"; };
/* End PBXFileReference section */

/* Begin PBXGroup section */
		08FB7794FE84155DC02AAC07 /* ¬´PROJECTNAME¬ª */ = {
			isa = PBXGroup;
			children = (
				1B8615F6139A1A18005E8D37 /* Logfile.txt */,
				BDD0C8D013E2EF140085EAFC /* Makefile */,
				1B33710D11B2908100AA981B /* TWI_Slave.c */,
				08FB7795FE84155DC02AAC07 /* Source */,
				C6A0FF2B0290797F04C91782 /* Documentation */,
				1AB674ADFE9D54B511CA2CBB /* Products */,
			);
			name = "¬´PROJECTNAME¬ª";
			sourceTree = "<group>";
		};
		08FB7795FE84155DC02AAC07 /* Source */ = {
			isa = PBXGroup;
			children = (
				BDD0C8CD13E2B73F0085EAFC /* usb_rawhid.c */,
				BDD0C8CE13E2B73F0085EAFC /* usb_rawhid.h */,
				1B0F5B0813813E9A0052DF39 /* CNC.h */,
				1B0F5B0913813E9A0052DF39 /* CNC.c */,
				1B33711E11B2910400AA981B /* adc.c */,
				1B33711F11B2910400AA981B /* adc.h */,
				1B33712011B2910400AA981B /* lcd.c */,
				1B33712111B2910400AA981B /* lcd.h */,
				1B8615F5139A1A18005E8D37 /* datum.c */,
				1B8615F7139A1A18005E8D37 /* version.c */,
			);
			name = Source;
			sourceTree = "<group>";
		};
		1AB674ADFE9D54B511CA2CBB /* Products */ = {
			isa = PBXGroup;
			children = (
			);
			name = Products;
			sourceTree = "<group>";
		};
		C6A0FF2B0290797F04C91782 /* Documentation */ = {
			isa = PBXGroup;
			children = (
			);
			name = Documentation;
			sourceTree = "<group>";
		};
/* End PBXGroup section */

/* Begin PBXLegacyTarget section */
		0142E2590A37DAD800461F0A /* Debug */ = {
			isa = PBXLegacyTarget;
			buildArgumentsString = "$(ACTION) debug";
			buildConfigurationList = 0142E25A0A37DAD800461F0A /* Build configuration list for PBXLegacyTarget "Debug" */;
			buildPhases = (
			);
			buildToolPath = /usr/bin/make;
			dependencies = (
			);
			name = Debug;
			passBuildSettingsInEnvironment = 1;
			productName = Program;
		};
		01706F540A347F6900E43B08 /* Make */ = {
			isa = PBXLegacyTarget;
			buildArgumentsString = "$(ACTION)";
			buildConfigurationList = 01706F550A347F8800E43B08 /* Build configuration list for PBXLegacyTarget "Make" */;
			buildPhases = (
			);
			buildToolPath = /usr/bin/make;
			dependencies = (
			);
			name = Make;
			passBuildSettingsInEnvironment = 1;
			productName = Make;
		};
		01706F5B0A34807400E43B08 /* Program */ = {
			isa = PBXLegacyTarget;
			buildArgumentsString = "$(ACTION) program";
			buildConfigurationList = 01706F660A34808D00E43B08 /* Build configuration list for PBXLegacyTarget "Program" */;
			buildPhases = (
			);
			buildToolPath = /usr/bin/make;
			dependencies = (
			);
			name = Program;
			passBuildSettingsInEnvironment = 1;
			productName = Program;
		};
/* End PBXLegacyTarget section */

/* Begin PBXProject section */
		08FB7793FE84155DC02AAC07 /* Project object */ = {
			isa = PBXProject;
			attributes = {
				LastUpgradeCheck = 0410;
			};
			buildConfigurationList = 01706F350A34762900E43B08 /* Build configuration list for PBXProject "CNC" */;
			compatibilityVersion = "Xcode 3.2";
			developmentRegion = English;
			hasScannedForEncodings = 1;
			knownRegions = (
				en,
			);
			mainGroup = 08FB7794FE84155DC02AAC07 /* ¬´PROJECTNAME¬ª */;
			projectDirPath = "";
			projectRoot = "";
			targets = (
				01706F540A347F6900E43B08 /* Make */,
				01706F5B0A34807400E43B08 /* Program */,
				0142E2590A37DAD800461F0A /* Debug */,
			);
		};
/* End PBXProject section */

/* Begin XCBuildConfiguration section */
		0142E25B0A37DAD800461F0A /* Development */ = {
			isa = XCBuildConfiguration;
			buildSettings = {
				COPY_PHASE_STRIP = NO;
				GCC_DYNAMIC_NO_PIC = NO;
				GCC_GENERATE_DEBUGGING_SYMBOLS = YES;
				GCC_OPTIMIZATION_LEVEL = 0;
				PATH = "$(PATH):/usr/local/CrossPack-AVR/bin";
				PRODUCT_NAME = Program;
			};
			name = Development;
		};
		0142E25C0A37DAD800461F0A /* Deployment */ = {
			isa = XCBuildConfiguration;
			buildSettings = {
				COPY_PHASE_STRIP = YES;
				GCC_GENERATE_DEBUGGING_SYMBOLS = NO;
				PRODUCT_NAME = Program;
				ZERO_LINK = NO;
			};
			name = Deployment;
		};
		0142E25D0A37DAD800461F0A /* Default */ = {
			isa = XCBuildConfiguration;
			buildSettings = {
				PRODUCT_NAME = Program;
			};
			name = Default;
		};
		01706F360A34762900E43B08 /* Development */ = {
			isa = XCBuildConfiguration;
			buildSettings = {
			};
			name = Development;
		};
		01706F370A34762900E43B08 /* Deployment */ = {
			isa = XCBuildConfiguration;
			buildSettings = {
			};
			name = Deployment;
		};
		01706F380A34762900E43B08 /* Default */ = {
			isa = XCBuildConfiguration;
			buildSettings = {
			};
			name = Default;
		};
		01706F560A347F8800E43B08 /* Development */ = {
			isa = XCBuildConfiguration;
			buildSettings = {
				COPY_PHASE_STRIP = NO;
				GCC_DYNAMIC_NO_PIC = NO;
				GCC_GENERATE_DEBUGGING_SYMBOLS = YES;
				GCC_OPTIMIZATION_LEVEL = 0;
				PATH = "$(PATH):/usr/local/CrossPack-AVR/bin";
				PRODUCT_NAME = Make;
			};
			name = Development;
		};
		01706F570A347F8800E43B08 /* Deployment */ = {
			isa = XCBuildConfiguration;
			buildSettings = {
				COPY_PHASE_STRIP = YES;
				GCC_GENERATE_DEBUGGING_SYMBOLS = NO;
				PRODUCT_NAME = Make;
				ZERO_LINK = NO;
			};
			name = Deployment;
		};
		01706F580A347F8800E43B08 /* Default */ = {
			isa = XCBuildConfiguration;
			buildSettings = {
				PRODUCT_NAME = Make;
			};
			name = Default;
		};
		01706F670A34808D00E43B08 /* Development */ = {
			isa = XCBuildConfiguration;
			buildSettings = {
				COPY_PHASE_STRIP = NO;
				GCC_DYNAMIC_NO_PIC = NO;
				GCC_GENERATE_DEBUGGING_SYMBOLS = YES;
				GCC_OPTIMIZATION_LEVEL = 0;
				PATH = "$(PATH):/usr/local/CrossPack-AVR/bin";
				PRODUCT_NAME = Program;
			};
			name = Development;
		};
		01706F680A34808D00E43B08 /* Deployment */ = {
			isa = XCBuildConfiguration;
			buildSettings = {
				COPY_PHASE_STRIP = YES;
				GCC_GENERATE_DEBUGGING_SYMBOLS = NO;
				PRODUCT_NAME = Program;
				ZERO_LINK = NO;
			};
			name = Deployment;
		};
		01706F690A34808D00E43B08 /* Default */ = {
			isa = XCBuildConfiguration;
			buildSettings = {
				PRODUCT_NAME = Program;
			};
			name = Default;
		};
/* End XCBuildConfiguration section */

/* Begin XCConfigurationList section */
		0142E25A0A37DAD800461F0A /* Build configuration list for PBXLegacyTarget "Debug" */ = {
			isa = XCConfigurationList;
			buildConfigurations = (
				0142E25B0A37DAD800461F0A /* Development */,
				0142E25C0A37DAD800461F0A /* Deployment */,
				0142E25D0A37DAD800461F0A /* Default */,
			);
			defaultConfigurationIsVisible = 0;
			defaultConfigurationName = Default;
		};
		01706F350A34762900E43B08 /* Build configuration list for PBXProject "CNC" */ = {
			isa = XCConfigurationList;
			buildConfigurations = (
				01706F360A34762900E43B08 /* Development */,
				01706F370A34762900E43B08 /* Deployment */,
				01706F380A34762900E43B08 /* Default */,
			);
			defaultConfigurationIsVisible = 0;
			defaultConfigurationName = Default;
		};
		01706F550A347F8800E43B08 /* Build configuration list for PBXLegacyTarget "Make" */ = {
			isa = XCConfigurationList;
			buildConfigurations = (
				01706F560A347F8800E43B08 /* Development */,
				01706F570A347F8800E43B08 /* Deployment */,
				01706F580A347F8800E43B08 /* Default */,
			);
			defaultConfigurationIsVisible = 0;
			defaultConfigurationName = Default;
		};
		01706F660A34808D00E43B08 /* Build configuration list for PBXLegacyTarget "Program" */ = {
			isa = XCConfigurationList;
			buildConfigurations = (
				01706F670A34808D00E43B08 /* Development */,
				01706F680A34808D00E43B08 /* Deployment */,
				01706F690A34808D00E43B08 /* Default */,
			);
			defaultConfigurationIsVisible = 0;
			defaultConfigurationName = Default;
		};
/* End XCConfigurationList section */
	};
	rootObject = 08FB7793FE84155DC02AAC07 /* Project object */;
}
